
Microsoft Visual Studio Solution File, Format Version 12.00
# Visual Studio Express 2012 for Windows Desktop
Project("{FAE04EC0-301F-11D3-BF4B-00C04F79EFBC}") = "WindowsAPI", "WindowsAPI\WindowsAPI.csproj", "{895A98F2-E04B-4076-9155-8C121A275FF7}"
EndProject
Project("{FAE04EC0-301F-11D3-BF4B-00C04F79EFBC}") = "ConsoleAPI", "ConsoleAPI\ConsoleAPI.csproj", "{87ECC144-1B2F-40BD-95C7-603F86195739}"
EndProject
Project("{FAE04EC0-301F-11D3-BF4B-00C04F79EFBC}") = "ConverterLib", "ConverterLib\ConverterLib.csproj", "{CF87393B-9512-41D9-AD10-70947DF6903B}"
EndProject
Global
	GlobalSection(SolutionConfigurationPlatforms) = preSolution
		Debug|Any CPU = Debug|Any CPU
		Release|Any CPU = Release|Any CPU
	EndGlobalSection
	GlobalSection(ProjectConfigurationPlatforms) = postSolution
		{895A98F2-E04B-4076-9155-8C121A275FF7}.Debug|Any CPU.ActiveCfg = Debug|Any CPU
		{895A98F2-E04B-4076-9155-8C121A275FF7}.Debug|Any CPU.Build.0 = Debug|Any CPU
		{895A98F2-E04B-4076-9155-8C121A275FF7}.Release|Any CPU.ActiveCfg = Release|Any CPU
		{895A98F2-E04B-4076-9155-8C121A275FF7}.Release|Any CPU.Build.0 = Release|Any CPU
		{87ECC144-1B2F-40BD-95C7-603F86195739}.Debug|Any CPU.ActiveCfg = Debug|Any CPU
		{87ECC144-1B2F-40BD-95C7-603F86195739}.Debug|Any CPU.Build.0 = Debug|Any CPU
		{87ECC144-1B2F-40BD-95C7-603F86195739}.Release|Any CPU.ActiveCfg = Release|Any CPU
		{87ECC144-1B2F-40BD-95C7-603F86195739}.Release|Any CPU.Build.0 = Release|Any CPU
		{CF87393B-9512-41D9-AD10-70947DF6903B}.Debug|Any CPU.ActiveCfg = Debug|Any CPU
		{CF87393B-9512-41D9-AD10-70947DF6903B}.Debug|Any CPU.Build.0 = Debug|Any CPU
		{CF87393B-9512-41D9-AD10-70947DF6903B}.Release|Any CPU.ActiveCfg = Release|Any CPU
		{CF87393B-9512-41D9-AD10-70947DF6903B}.Release|Any CPU.Build.0 = Release|Any CPU
	EndGlobalSection
	GlobalSection(SolutionProperties) = preSolution
		HideSolutionNode = FALSE
	EndGlobalSection
EndGlobal
